// !$*UTF8*$!
{
	archiveVersion = 1;
	classes = {
	};
	objectVersion = 48;
	objects = {

/* Begin PBXBuildFile section */
		77B6D80E1F8ED69400F6BE4B /* AppDelegate.swift in Sources */ = {isa = PBXBuildFile; fileRef = 77B6D80D1F8ED69400F6BE4B /* AppDelegate.swift */; };
		77B6D8101F8ED69400F6BE4B /* ViewController.swift in Sources */ = {isa = PBXBuildFile; fileRef = 77B6D80F1F8ED69400F6BE4B /* ViewController.swift */; };
		77B6D8131F8ED69400F6BE4B /* Main.storyboard in Resources */ = {isa = PBXBuildFile; fileRef = 77B6D8111F8ED69400F6BE4B /* Main.storyboard */; };
		77B6D8151F8ED69400F6BE4B /* Assets.xcassets in Resources */ = {isa = PBXBuildFile; fileRef = 77B6D8141F8ED69400F6BE4B /* Assets.xcassets */; };
		77B6D8181F8ED69400F6BE4B /* LaunchScreen.storyboard in Resources */ = {isa = PBXBuildFile; fileRef = 77B6D8161F8ED69400F6BE4B /* LaunchScreen.storyboard */; };
		77B6D8201F8ED95400F6BE4B /* DatePickerViewController.swift in Sources */ = {isa = PBXBuildFile; fileRef = 77B6D81F1F8ED95400F6BE4B /* DatePickerViewController.swift */; };
		77B6D8221F8ED9D600F6BE4B /* SingleComponentPickerViewController.swift in Sources */ = {isa = PBXBuildFile; fileRef = 77B6D8211F8ED9D600F6BE4B /* SingleComponentPickerViewController.swift */; };
		77B6D8241F8EDA1D00F6BE4B /* DoubleComponentPickerViewController.swift in Sources */ = {isa = PBXBuildFile; fileRef = 77B6D8231F8EDA1D00F6BE4B /* DoubleComponentPickerViewController.swift */; };
		77B6D8261F8EDA4B00F6BE4B /* DependentComponentViewController.swift in Sources */ = {isa = PBXBuildFile; fileRef = 77B6D8251F8EDA4B00F6BE4B /* DependentComponentViewController.swift */; };
		77B6D8281F8EDA7C00F6BE4B /* CustomPickerViewController.swift in Sources */ = {isa = PBXBuildFile; fileRef = 77B6D8271F8EDA7C00F6BE4B /* CustomPickerViewController.swift */; };
/* End PBXBuildFile section */

/* Begin PBXFileReference section */
		77B6D80A1F8ED69400F6BE4B /* MAPD714-PickersApp.app */ = {isa = PBXFileReference; explicitFileType = wrapper.application; includeInIndex = 0; path = "MAPD714-PickersApp.app"; sourceTree = BUILT_PRODUCTS_DIR; };
		77B6D80D1F8ED69400F6BE4B /* AppDelegate.swift */ = {isa = PBXFileReference; lastKnownFileType = sourcecode.swift; path = AppDelegate.swift; sourceTree = "<group>"; };
		77B6D80F1F8ED69400F6BE4B /* ViewController.swift */ = {isa = PBXFileReference; lastKnownFileType = sourcecode.swift; path = ViewController.swift; sourceTree = "<group>"; };
		77B6D8121F8ED69400F6BE4B /* Base */ = {isa = PBXFileReference; lastKnownFileType = file.storyboard; name = Base; path = Base.lproj/Main.storyboard; sourceTree = "<group>"; };
		77B6D8141F8ED69400F6BE4B /* Assets.xcassets */ = {isa = PBXFileReference; lastKnownFileType = folder.assetcatalog; path = Assets.xcassets; sourceTree = "<group>"; };
		77B6D8171F8ED69400F6BE4B /* Base */ = {isa = PBXFileReference; lastKnownFileType = file.storyboard; name = Base; path = Base.lproj/LaunchScreen.storyboard; sourceTree = "<group>"; };
		77B6D8191F8ED69400F6BE4B /* Info.plist */ = {isa = PBXFileReference; lastKnownFileType = text.plist.xml; path = Info.plist; sourceTree = "<group>"; };
		77B6D81F1F8ED95400F6BE4B /* DatePickerViewController.swift */ = {isa = PBXFileReference; lastKnownFileType = sourcecode.swift; path = DatePickerViewController.swift; sourceTree = "<group>"; };
		77B6D8211F8ED9D600F6BE4B /* SingleComponentPickerViewController.swift */ = {isa = PBXFileReference; lastKnownFileType = sourcecode.swift; path = SingleComponentPickerViewController.swift; sourceTree = "<group>"; };
		77B6D8231F8EDA1D00F6BE4B /* DoubleComponentPickerViewController.swift */ = {isa = PBXFileReference; lastKnownFileType = sourcecode.swift; path = DoubleComponentPickerViewController.swift; sourceTree = "<group>"; };
		77B6D8251F8EDA4B00F6BE4B /* DependentComponentViewController.swift */ = {isa = PBXFileReference; lastKnownFileType = sourcecode.swift; path = DependentComponentViewController.swift; sourceTree = "<group>"; };
		77B6D8271F8EDA7C00F6BE4B /* CustomPickerViewController.swift */ = {isa = PBXFileReference; lastKnownFileType = sourcecode.swift; path = CustomPickerViewController.swift; sourceTree = "<group>"; };
/* End PBXFileReference section */

/* Begin PBXFrameworksBuildPhase section */
		77B6D8071F8ED69400F6BE4B /* Frameworks */ = {
			isa = PBXFrameworksBuildPhase;
			buildActionMask = 2147483647;
			files = (
			);
			runOnlyForDeploymentPostprocessing = 0;
		};
/* End PBXFrameworksBuildPhase section */

/* Begin PBXGroup section */
		77B6D8011F8ED69400F6BE4B = {
			isa = PBXGroup;
			children = (
				77B6D80C1F8ED69400F6BE4B /* MAPD714-PickersApp */,
				77B6D80B1F8ED69400F6BE4B /* Products */,
			);
			sourceTree = "<group>";
		};
		77B6D80B1F8ED69400F6BE4B /* Products */ = {
			isa = PBXGroup;
			children = (
				77B6D80A1F8ED69400F6BE4B /* MAPD714-PickersApp.app */,
			);
			name = Products;
			sourceTree = "<group>";
		};
		77B6D80C1F8ED69400F6BE4B /* MAPD714-PickersApp */ = {
			isa = PBXGroup;
			children = (
				77B6D80D1F8ED69400F6BE4B /* AppDelegate.swift */,
				77B6D80F1F8ED69400F6BE4B /* ViewController.swift */,
				77B6D81F1F8ED95400F6BE4B /* DatePickerViewController.swift */,
				77B6D8211F8ED9D600F6BE4B /* SingleComponentPickerViewController.swift */,
				77B6D8231F8EDA1D00F6BE4B /* DoubleComponentPickerViewController.swift */,
				77B6D8251F8EDA4B00F6BE4B /* DependentComponentViewController.swift */,
				77B6D8271F8EDA7C00F6BE4B /* CustomPickerViewController.swift */,
				77B6D8111F8ED69400F6BE4B /* Main.storyboard */,
				77B6D8141F8ED69400F6BE4B /* Assets.xcassets */,
				77B6D8161F8ED69400F6BE4B /* LaunchScreen.storyboard */,
				77B6D8191F8ED69400F6BE4B /* Info.plist */,
			);
			path = "MAPD714-PickersApp";
			sourceTree = "<group>";
		};
/* End PBXGroup section */

/* Begin PBXNativeTarget section */
		77B6D8091F8ED69400F6BE4B /* MAPD714-PickersApp */ = {
			isa = PBXNativeTarget;
			buildConfigurationList = 77B6D81C1F8ED69400F6BE4B /* Build configuration list for PBXNativeTarget "MAPD714-PickersApp" */;
			buildPhases = (
				77B6D8061F8ED69400F6BE4B /* Sources */,
				77B6D8071F8ED69400F6BE4B /* Frameworks */,
				77B6D8081F8ED69400F6BE4B /* Resources */,
			);
			buildRules = (
			);
			dependencies = (
			);
			name = "MAPD714-PickersApp";
			productName = "MAPD714-PickersApp";
			productReference = 77B6D80A1F8ED69400F6BE4B /* MAPD714-PickersApp.app */;
			productType = "com.apple.product-type.application";
		};
/* End PBXNativeTarget section */

/* Begin PBXProject section */
		77B6D8021F8ED69400F6BE4B /* Project object */ = {
			isa = PBXProject;
			attributes = {
				LastSwiftUpdateCheck = 0900;
				LastUpgradeCheck = 0900;
				ORGANIZATIONNAME = "Shifty Land LLC";
				TargetAttributes = {
					77B6D8091F8ED69400F6BE4B = {
						CreatedOnToolsVersion = 9.0;
						ProvisioningStyle = Automatic;
					};
				};
			};
			buildConfigurationList = 77B6D8051F8ED69400F6BE4B /* Build configuration list for PBXProject "MAPD714-PickersApp" */;
			compatibilityVersion = "Xcode 8.0";
			developmentRegion = en;
			hasScannedForEncodings = 0;
			knownRegions = (
				en,
				Base,
			);
			mainGroup = 77B6D8011F8ED69400F6BE4B;
			productRefGroup = 77B6D80B1F8ED69400F6BE4B /* Products */;
			projectDirPath = "";
			projectRoot = "";
			targets = (
				77B6D8091F8ED69400F6BE4B /* MAPD714-PickersApp */,
			);
		};
/* End PBXProject section */

/* Begin PBXResourcesBuildPhase section */
		77B6D8081F8ED69400F6BE4B /* Resources */ = {
			isa = PBXResourcesBuildPhase;
			buildActionMask = 2147483647;
			files = (
				77B6D8181F8ED69400F6BE4B /* LaunchScreen.storyboard in Resources */,
				77B6D8151F8ED69400F6BE4B /* Assets.xcassets in Resources */,
				77B6D8131F8ED69400F6BE4B /* Main.storyboard in Resources */,
			);
			runOnlyForDeploymentPostprocessing = 0;
		};
/* End PBXResourcesBuildPhase section */

/* Begin PBXSourcesBuildPhase section */
		77B6D8061F8ED69400F6BE4B /* Sources */ = {
			isa = PBXSourcesBuildPhase;
			buildActionMask = 2147483647;
			files = (
				77B6D8101F8ED69400F6BE4B /* ViewController.swift in Sources */,
				77B6D80E1F8ED69400F6BE4B /* AppDelegate.swift in Sources */,
				77B6D8241F8EDA1D00F6BE4B /* DoubleComponentPickerViewController.swift in Sources */,
				77B6D8221F8ED9D600F6BE4B /* SingleComponentPickerViewController.swift in Sources */,
				77B6D8281F8EDA7C00F6BE4B /* CustomPickerViewController.swift in Sources */,
				77B6D8261F8EDA4B00F6BE4B /* DependentComponentViewController.swift in Sources */,
				77B6D8201F8ED95400F6BE4B /* DatePickerViewController.swift in Sources */,
			);
			runOnlyForDeploymentPostprocessing = 0;
		};
/* End PBXSourcesBuildPhase section */

/* Begin PBXVariantGroup section */
		77B6D8111F8ED69400F6BE4B /* Main.storyboard */ = {
			isa = PBXVariantGroup;
			children = (
				77B6D8121F8ED69400F6BE4B /* Base */,
			);
			name = Main.storyboard;
			sourceTree = "<group>";
		};
		77B6D8161F8ED69400F6BE4B /* LaunchScreen.storyboard */ = {
			isa = PBXVariantGroup;
			children = (
				77B6D8171F8ED69400F6BE4B /* Base */,
			);
			name = LaunchScreen.storyboard;
			sourceTree = "<group>";
		};
/* End PBXVariantGroup section */

/* Begin XCBuildConfiguration section */
		77B6D81A1F8ED69400F6BE4B /* Debug */ = {
			isa = XCBuildConfiguration;
			buildSettings = {
				ALWAYS_SEARCH_USER_PATHS = NO;
				CLANG_ANALYZER_NONNULL = YES;
				CLANG_ANALYZER_NUMBER_OBJECT_CONVERSION = YES_AGGRESSIVE;
				CLANG_CXX_LANGUAGE_STANDARD = "gnu++14";
				CLANG_CXX_LIBRARY = "libc++";
				CLANG_ENABLE_MODULES = YES;
				CLANG_ENABLE_OBJC_ARC = YES;
				CLANG_WARN_BLOCK_CAPTURE_AUTORELEASING = YES;
				CLANG_WARN_BOOL_CONVERSION = YES;
				CLANG_WARN_COMMA = YES;
				CLANG_WARN_CONSTANT_CONVERSION = YES;
				CLANG_WARN_DIRECT_OBJC_ISA_USAGE = YES_ERROR;
				CLANG_WARN_DOCUMENTATION_COMMENTS = YES;
				CLANG_WARN_EMPTY_BODY = YES;
				CLANG_WARN_ENUM_CONVERSION = YES;
				CLANG_WARN_INFINITE_RECURSION = YES;
				CLANG_WARN_INT_CONVERSION = YES;
				CLANG_WARN_NON_LITERAL_NULL_CONVERSION = YES;
				CLANG_WARN_OBJC_LITERAL_CONVERSION = YES;
				CLANG_WARN_OBJC_ROOT_CLASS = YES_ERROR;
				CLANG_WARN_RANGE_LOOP_ANALYSIS = YES;
				CLANG_WARN_STRICT_PROTOTYPES = YES;
				CLANG_WARN_SUSPICIOUS_MOVE = YES;
				CLANG_WARN_UNGUARDED_AVAILABILITY = YES_AGGRESSIVE;
				CLANG_WARN_UNREACHABLE_CODE = YES;
				CLANG_WARN__DUPLICATE_METHOD_MATCH = YES;
				CODE_SIGN_IDENTITY = "iPhone Developer";
				COPY_PHASE_STRIP = NO;
				DEBUG_INFORMATION_FORMAT = dwarf;
				ENABLE_STRICT_OBJC_MSGSEND = YES;
				ENABLE_TESTABILITY = YES;
				GCC_C_LANGUAGE_STANDARD = gnu11;
				GCC_DYNAMIC_NO_PIC = NO;
				GCC_NO_COMMON_BLOCKS = YES;
				GCC_OPTIMIZATION_LEVEL = 0;
				GCC_PREPROCESSOR_DEFINITIONS = (
					"DEBUG=1",
					"$(inherited)",
				);
				GCC_WARN_64_TO_32_BIT_CONVERSION = YES;
				GCC_WARN_ABOUT_RETURN_TYPE = YES_ERROR;
				GCC_WARN_UNDECLARED_SELECTOR = YES;
				GCC_WARN_UNINITIALIZED_AUTOS = YES_AGGRESSIVE;
				GCC_WARN_UNUSED_FUNCTION = YES;
				GCC_WARN_UNUSED_VARIABLE = YES;
				IPHONEOS_DEPLOYMENT_TARGET = 11.0;
				MTL_ENABLE_DEBUG_INFO = YES;
				ONLY_ACTIVE_ARCH = YES;
				SDKROOT = iphoneos;
				SWIFT_ACTIVE_COMPILATION_CONDITIONS = DEBUG;
				SWIFT_OPTIMIZATION_LEVEL = "-Onone";
			};
			name = Debug;
		};
		77B6D81B1F8ED69400F6BE4B /* Release */ = {
			isa = XCBuildConfiguration;
			buildSettings = {
				ALWAYS_SEARCH_USER_PATHS = NO;
				CLANG_ANALYZER_NONNULL = YES;
				CLANG_ANALYZER_NUMBER_OBJECT_CONVERSION = YES_AGGRESSIVE;
				CLANG_CXX_LANGUAGE_STANDARD = "gnu++14";
				CLANG_CXX_LIBRARY = "libc++";
				CLANG_ENABLE_MODULES = YES;
				CLANG_ENABLE_OBJC_ARC = YES;
				CLANG_WARN_BLOCK_CAPTURE_AUTORELEASING = YES;
				CLANG_WARN_BOOL_CONVERSION = YES;
				CLANG_WARN_COMMA = YES;
				CLANG_WARN_CONSTANT_CONVERSION = YES;
				CLANG_WARN_DIRECT_OBJC_ISA_USAGE = YES_ERROR;
				CLANG_WARN_DOCUMENTATION_COMMENTS = YES;
				CLANG_WARN_EMPTY_BODY = YES;
				CLANG_WARN_ENUM_CONVERSION = YES;
				CLANG_WARN_INFINITE_RECURSION = YES;
				CLANG_WARN_INT_CONVERSION = YES;
				CLANG_WARN_NON_LITERAL_NULL_CONVERSION = YES;
				CLANG_WARN_OBJC_LITERAL_CONVERSION = YES;
				CLANG_WARN_OBJC_ROOT_CLASS = YES_ERROR;
				CLANG_WARN_RANGE_LOOP_ANALYSIS = YES;
				CLANG_WARN_STRICT_PROTOTYPES = YES;
				CLANG_WARN_SUSPICIOUS_MOVE = YES;
				CLANG_WARN_UNGUARDED_AVAILABILITY = YES_AGGRESSIVE;
				CLANG_WARN_UNREACHABLE_CODE = YES;
				CLANG_WARN__DUPLICATE_METHOD_MATCH = YES;
				CODE_SIGN_IDENTITY = "iPhone Developer";
				COPY_PHASE_STRIP = NO;
				DEBUG_INFORMATION_FORMAT = "dwarf-with-dsym";
				ENABLE_NS_ASSERTIONS = NO;
				ENABLE_STRICT_OBJC_MSGSEND = YES;
				GCC_C_LANGUAGE_STANDARD = gnu11;
				GCC_NO_COMMON_BLOCKS = YES;
				GCC_WARN_64_TO_32_BIT_CONVERSION = YES;
				GCC_WARN_ABOUT_RETURN_TYPE = YES_ERROR;
				GCC_WARN_UNDECLARED_SELECTOR = YES;
				GCC_WARN_UNINITIALIZED_AUTOS = YES_AGGRESSIVE;
				GCC_WARN_UNUSED_FUNCTION = YES;
				GCC_WARN_UNUSED_VARIABLE = YES;
				IPHONEOS_DEPLOYMENT_TARGET = 11.0;
				MTL_ENABLE_DEBUG_INFO = NO;
				SDKROOT = iphoneos;
				SWIFT_OPTIMIZATION_LEVEL = "-Owholemodule";
				VALIDATE_PRODUCT = YES;
			};
			name = Release;
		};
		77B6D81D1F8ED69400F6BE4B /* Debug */ = {
			isa = XCBuildConfiguration;
			buildSettings = {
				ASSETCATALOG_COMPILER_APPICON_NAME = AppIcon;
				CODE_SIGN_STYLE = Automatic;
				DEVELOPMENT_TEAM = 2BULHRS882;
				INFOPLIST_FILE = "MAPD714-PickersApp/Info.plist";
				LD_RUNPATH_SEARCH_PATHS = "$(inherited) @executable_path/Frameworks";
				PRODUCT_BUNDLE_IDENTIFIER = "ca.centennialcollege.MAPD714-PickersApp";
				PRODUCT_NAME = "$(TARGET_NAME)";
				SWIFT_VERSION = 4.0;
				TARGETED_DEVICE_FAMILY = "1,2";
			};
			name = Debug;
		};
		77B6D81E1F8ED69400F6BE4B /* Release */ = {
			isa = XCBuildConfiguration;
			buildSettings = {
				ASSETCATALOG_COMPILER_APPICON_NAME = AppIcon;
				CODE_SIGN_STYLE = Automatic;
				DEVELOPMENT_TEAM = 2BULHRS882;
				INFOPLIST_FILE = "MAPD714-PickersApp/Info.plist";
				LD_RUNPATH_SEARCH_PATHS = "$(inherited) @executable_path/Frameworks";
				PRODUCT_BUNDLE_IDENTIFIER = "ca.centennialcollege.MAPD714-PickersApp";
				PRODUCT_NAME = "$(TARGET_NAME)";
				SWIFT_VERSION = 4.0;
				TARGETED_DEVICE_FAMILY = "1,2";
			};
			name = Release;
		};
/* End XCBuildConfiguration section */

/* Begin XCConfigurationList section */
		77B6D8051F8ED69400F6BE4B /* Build configuration list for PBXProject "MAPD714-PickersApp" */ = {
			isa = XCConfigurationList;
			buildConfigurations = (
				77B6D81A1F8ED69400F6BE4B /* Debug */,
				77B6D81B1F8ED69400F6BE4B /* Release */,
			);
			defaultConfigurationIsVisible = 0;
			defaultConfigurationName = Release;
		};
		77B6D81C1F8ED69400F6BE4B /* Build configuration list for PBXNativeTarget "MAPD714-PickersApp" */ = {
			isa = XCConfigurationList;
			buildConfigurations = (
				77B6D81D1F8ED69400F6BE4B /* Debug */,
				77B6D81E1F8ED69400F6BE4B /* Release */,
			);
			defaultConfigurationIsVisible = 0;
			defaultConfigurationName = Release;
		};
/* End XCConfigurationList section */
	};
	rootObject = 77B6D8021F8ED69400F6BE4B /* Project object */;
}
